Microsoft Visual Studio Solution File, Format Version 7.00
Project("{8BC9CEB8-8B4A-11D0-8D11-00A0C91BC942}") = "glslparsertest", "glslparsertest.vcproj", "{D512114D-4BAC-499D-9C51-0F048E33197A}"
EndProject
Global
	GlobalSection(SolutionConfiguration) = preSolution
		ConfigName.0 = Debug
		ConfigName.1 = Release
	EndGlobalSection
	GlobalSection(ProjectDependencies) = postSolution
	EndGlobalSection
	GlobalSection(ProjectConfiguration) = postSolution
		{D512114D-4BAC-499D-9C51-0F048E33197A}.Debug.ActiveCfg = Debug|Win32
		{D512114D-4BAC-499D-9C51-0F048E33197A}.Debug.Build.0 = Debug|Win32
		{D512114D-4BAC-499D-9C51-0F048E33197A}.Release.ActiveCfg = Release|Win32
		{D512114D-4BAC-499D-9C51-0F048E33197A}.Release.Build.0 = Release|Win32
	EndGlobalSection
	GlobalSection(ExtensibilityGlobals) = postSolution
	EndGlobalSection
	GlobalSection(ExtensibilityAddIns) = postSolution
	EndGlobalSection
EndGlobal
